// !$*UTF8*$!
{
	archiveVersion = 1;
	classes = {
	};
	objectVersion = 50;
	objects = {

/* Begin PBXBuildFile section */
		1534D37720E9CF8D00610EE0 /* AppDelegate.swift in Sources */ = {isa = PBXBuildFile; fileRef = 1534D37620E9CF8D00610EE0 /* AppDelegate.swift */; };
		1534D37920E9CF8D00610EE0 /* ViewController.swift in Sources */ = {isa = PBXBuildFile; fileRef = 1534D37820E9CF8D00610EE0 /* ViewController.swift */; };
		1534D37B20E9CF8E00610EE0 /* Assets.xcassets in Resources */ = {isa = PBXBuildFile; fileRef = 1534D37A20E9CF8E00610EE0 /* Assets.xcassets */; };
		1534D37E20E9CF8E00610EE0 /* Main.storyboard in Resources */ = {isa = PBXBuildFile; fileRef = 1534D37C20E9CF8E00610EE0 /* Main.storyboard */; };
		1534D38720E9D41B00610EE0 /* Item.swift in Sources */ = {isa = PBXBuildFile; fileRef = 1534D38620E9D41B00610EE0 /* Item.swift */; };
		15B5875120ECDFAE006FCEF7 /* Operation.swift in Sources */ = {isa = PBXBuildFile; fileRef = 15B5875020ECDFAE006FCEF7 /* Operation.swift */; };
/* End PBXBuildFile section */

/* Begin PBXFileReference section */
		1534D37320E9CF8D00610EE0 /* Tiny.app */ = {isa = PBXFileReference; explicitFileType = wrapper.application; includeInIndex = 0; path = Tiny.app; sourceTree = BUILT_PRODUCTS_DIR; };
		1534D37620E9CF8D00610EE0 /* AppDelegate.swift */ = {isa = PBXFileReference; lastKnownFileType = sourcecode.swift; path = AppDelegate.swift; sourceTree = "<group>"; };
		1534D37820E9CF8D00610EE0 /* ViewController.swift */ = {isa = PBXFileReference; lastKnownFileType = sourcecode.swift; path = ViewController.swift; sourceTree = "<group>"; };
		1534D37A20E9CF8E00610EE0 /* Assets.xcassets */ = {isa = PBXFileReference; lastKnownFileType = folder.assetcatalog; path = Assets.xcassets; sourceTree = "<group>"; };
		1534D37D20E9CF8E00610EE0 /* Base */ = {isa = PBXFileReference; lastKnownFileType = file.storyboard; name = Base; path = Base.lproj/Main.storyboard; sourceTree = "<group>"; };
		1534D37F20E9CF8E00610EE0 /* Info.plist */ = {isa = PBXFileReference; lastKnownFileType = text.plist.xml; path = Info.plist; sourceTree = "<group>"; };
		1534D38020E9CF8E00610EE0 /* Tiny.entitlements */ = {isa = PBXFileReference; lastKnownFileType = text.plist.entitlements; path = Tiny.entitlements; sourceTree = "<group>"; };
		1534D38620E9D41B00610EE0 /* Item.swift */ = {isa = PBXFileReference; lastKnownFileType = sourcecode.swift; path = Item.swift; sourceTree = "<group>"; };
		15B5875020ECDFAE006FCEF7 /* Operation.swift */ = {isa = PBXFileReference; lastKnownFileType = sourcecode.swift; path = Operation.swift; sourceTree = "<group>"; };
/* End PBXFileReference section */

/* Begin PBXFrameworksBuildPhase section */
		1534D37020E9CF8D00610EE0 /* Frameworks */ = {
			isa = PBXFrameworksBuildPhase;
			buildActionMask = 2147483647;
			files = (
			);
			runOnlyForDeploymentPostprocessing = 0;
		};
/* End PBXFrameworksBuildPhase section */

/* Begin PBXGroup section */
		1534D36A20E9CF8D00610EE0 = {
			isa = PBXGroup;
			children = (
				1534D37520E9CF8D00610EE0 /* Tiny */,
				1534D37420E9CF8D00610EE0 /* Products */,
			);
			sourceTree = "<group>";
		};
		1534D37420E9CF8D00610EE0 /* Products */ = {
			isa = PBXGroup;
			children = (
				1534D37320E9CF8D00610EE0 /* Tiny.app */,
			);
			name = Products;
			sourceTree = "<group>";
		};
		1534D37520E9CF8D00610EE0 /* Tiny */ = {
			isa = PBXGroup;
			children = (
				1534D37620E9CF8D00610EE0 /* AppDelegate.swift */,
				1534D37820E9CF8D00610EE0 /* ViewController.swift */,
				15B5875020ECDFAE006FCEF7 /* Operation.swift */,
				1534D38620E9D41B00610EE0 /* Item.swift */,
				1534D37A20E9CF8E00610EE0 /* Assets.xcassets */,
				1534D37C20E9CF8E00610EE0 /* Main.storyboard */,
				1534D37F20E9CF8E00610EE0 /* Info.plist */,
				1534D38020E9CF8E00610EE0 /* Tiny.entitlements */,
			);
			path = Tiny;
			sourceTree = "<group>";
		};
/* End PBXGroup section */

/* Begin PBXNativeTarget section */
		1534D37220E9CF8D00610EE0 /* Tiny */ = {
			isa = PBXNativeTarget;
			buildConfigurationList = 1534D38320E9CF8E00610EE0 /* Build configuration list for PBXNativeTarget "Tiny" */;
			buildPhases = (
				1534D36F20E9CF8D00610EE0 /* Sources */,
				1534D37020E9CF8D00610EE0 /* Frameworks */,
				1534D37120E9CF8D00610EE0 /* Resources */,
			);
			buildRules = (
			);
			dependencies = (
			);
			name = Tiny;
			productName = Tiny;
			productReference = 1534D37320E9CF8D00610EE0 /* Tiny.app */;
			productType = "com.apple.product-type.application";
		};
/* End PBXNativeTarget section */

/* Begin PBXProject section */
		1534D36B20E9CF8D00610EE0 /* Project object */ = {
			isa = PBXProject;
			attributes = {
				LastSwiftUpdateCheck = 0940;
				LastUpgradeCheck = 0940;
				ORGANIZATIONNAME = "Hoc Tran";
				TargetAttributes = {
					1534D37220E9CF8D00610EE0 = {
						CreatedOnToolsVersion = 9.4;
						SystemCapabilities = {
							com.apple.Sandbox = {
								enabled = 1;
							};
						};
					};
				};
			};
			buildConfigurationList = 1534D36E20E9CF8D00610EE0 /* Build configuration list for PBXProject "Tiny" */;
			compatibilityVersion = "Xcode 9.3";
			developmentRegion = en;
			hasScannedForEncodings = 0;
			knownRegions = (
				en,
				Base,
			);
			mainGroup = 1534D36A20E9CF8D00610EE0;
			productRefGroup = 1534D37420E9CF8D00610EE0 /* Products */;
			projectDirPath = "";
			projectRoot = "";
			targets = (
				1534D37220E9CF8D00610EE0 /* Tiny */,
			);
		};
/* End PBXProject section */

/* Begin PBXResourcesBuildPhase section */
		1534D37120E9CF8D00610EE0 /* Resources */ = {
			isa = PBXResourcesBuildPhase;
			buildActionMask = 2147483647;
			files = (
				1534D37B20E9CF8E00610EE0 /* Assets.xcassets in Resources */,
				1534D37E20E9CF8E00610EE0 /* Main.storyboard in Resources */,
			);
			runOnlyForDeploymentPostprocessing = 0;
		};
/* End PBXResourcesBuildPhase section */

/* Begin PBXSourcesBuildPhase section */
		1534D36F20E9CF8D00610EE0 /* Sources */ = {
			isa = PBXSourcesBuildPhase;
			buildActionMask = 2147483647;
			files = (
				1534D37920E9CF8D00610EE0 /* ViewController.swift in Sources */,
				1534D38720E9D41B00610EE0 /* Item.swift in Sources */,
				1534D37720E9CF8D00610EE0 /* AppDelegate.swift in Sources */,
				15B5875120ECDFAE006FCEF7 /* Operation.swift in Sources */,
			);
			runOnlyForDeploymentPostprocessing = 0;
		};
/* End PBXSourcesBuildPhase section */

/* Begin PBXVariantGroup section */
		1534D37C20E9CF8E00610EE0 /* Main.storyboard */ = {
			isa = PBXVariantGroup;
			children = (
				1534D37D20E9CF8E00610EE0 /* Base */,
			);
			name = Main.storyboard;
			sourceTree = "<group>";
		};
/* End PBXVariantGroup section */

/* Begin XCBuildConfiguration section */
		1534D38120E9CF8E00610EE0 /* Debug */ = {
			isa = XCBuildConfiguration;
			buildSettings = {
				ALWAYS_SEARCH_USER_PATHS = NO;
				CLANG_ANALYZER_NONNULL = YES;
				CLANG_ANALYZER_NUMBER_OBJECT_CONVERSION = YES_AGGRESSIVE;
				CLANG_CXX_LANGUAGE_STANDARD = "gnu++14";
				CLANG_CXX_LIBRARY = "libc++";
				CLANG_ENABLE_MODULES = YES;
				CLANG_ENABLE_OBJC_ARC = YES;
				CLANG_ENABLE_OBJC_WEAK = YES;
				CLANG_WARN_BLOCK_CAPTURE_AUTORELEASING = YES;
				CLANG_WARN_BOOL_CONVERSION = YES;
				CLANG_WARN_COMMA = YES;
				CLANG_WARN_CONSTANT_CONVERSION = YES;
				CLANG_WARN_DEPRECATED_OBJC_IMPLEMENTATIONS = YES;
				CLANG_WARN_DIRECT_OBJC_ISA_USAGE = YES_ERROR;
				CLANG_WARN_DOCUMENTATION_COMMENTS = YES;
				CLANG_WARN_EMPTY_BODY = YES;
				CLANG_WARN_ENUM_CONVERSION = YES;
				CLANG_WARN_INFINITE_RECURSION = YES;
				CLANG_WARN_INT_CONVERSION = YES;
				CLANG_WARN_NON_LITERAL_NULL_CONVERSION = YES;
				CLANG_WARN_OBJC_IMPLICIT_RETAIN_SELF = YES;
				CLANG_WARN_OBJC_LITERAL_CONVERSION = YES;
				CLANG_WARN_OBJC_ROOT_CLASS = YES_ERROR;
				CLANG_WARN_RANGE_LOOP_ANALYSIS = YES;
				CLANG_WARN_STRICT_PROTOTYPES = YES;
				CLANG_WARN_SUSPICIOUS_MOVE = YES;
				CLANG_WARN_UNGUARDED_AVAILABILITY = YES_AGGRESSIVE;
				CLANG_WARN_UNREACHABLE_CODE = YES;
				CLANG_WARN__DUPLICATE_METHOD_MATCH = YES;
				CODE_SIGN_IDENTITY = "Mac Developer";
				COPY_PHASE_STRIP = NO;
				DEBUG_INFORMATION_FORMAT = dwarf;
				ENABLE_STRICT_OBJC_MSGSEND = YES;
				ENABLE_TESTABILITY = YES;
				GCC_C_LANGUAGE_STANDARD = gnu11;
				GCC_DYNAMIC_NO_PIC = NO;
				GCC_NO_COMMON_BLOCKS = YES;
				GCC_OPTIMIZATION_LEVEL = 0;
				GCC_PREPROCESSOR_DEFINITIONS = (
					"DEBUG=1",
					"$(inherited)",
				);
				GCC_WARN_64_TO_32_BIT_CONVERSION = YES;
				GCC_WARN_ABOUT_RETURN_TYPE = YES_ERROR;
				GCC_WARN_UNDECLARED_SELECTOR = YES;
				GCC_WARN_UNINITIALIZED_AUTOS = YES_AGGRESSIVE;
				GCC_WARN_UNUSED_FUNCTION = YES;
				GCC_WARN_UNUSED_VARIABLE = YES;
				MACOSX_DEPLOYMENT_TARGET = 10.13;
				MTL_ENABLE_DEBUG_INFO = YES;
				ONLY_ACTIVE_ARCH = YES;
				SDKROOT = macosx;
				SWIFT_ACTIVE_COMPILATION_CONDITIONS = DEBUG;
				SWIFT_OPTIMIZATION_LEVEL = "-Onone";
			};
			name = Debug;
		};
		1534D38220E9CF8E00610EE0 /* Release */ = {
			isa = XCBuildConfiguration;
			buildSettings = {
				ALWAYS_SEARCH_USER_PATHS = NO;
				CLANG_ANALYZER_NONNULL = YES;
				CLANG_ANALYZER_NUMBER_OBJECT_CONVERSION = YES_AGGRESSIVE;
				CLANG_CXX_LANGUAGE_STANDARD = "gnu++14";
				CLANG_CXX_LIBRARY = "libc++";
				CLANG_ENABLE_MODULES = YES;
				CLANG_ENABLE_OBJC_ARC = YES;
				CLANG_ENABLE_OBJC_WEAK = YES;
				CLANG_WARN_BLOCK_CAPTURE_AUTORELEASING = YES;
				CLANG_WARN_BOOL_CONVERSION = YES;
				CLANG_WARN_COMMA = YES;
				CLANG_WARN_CONSTANT_CONVERSION = YES;
				CLANG_WARN_DEPRECATED_OBJC_IMPLEMENTATIONS = YES;
				CLANG_WARN_DIRECT_OBJC_ISA_USAGE = YES_ERROR;
				CLANG_WARN_DOCUMENTATION_COMMENTS = YES;
				CLANG_WARN_EMPTY_BODY = YES;
				CLANG_WARN_ENUM_CONVERSION = YES;
				CLANG_WARN_INFINITE_RECURSION = YES;
				CLANG_WARN_INT_CONVERSION = YES;
				CLANG_WARN_NON_LITERAL_NULL_CONVERSION = YES;
				CLANG_WARN_OBJC_IMPLICIT_RETAIN_SELF = YES;
				CLANG_WARN_OBJC_LITERAL_CONVERSION = YES;
				CLANG_WARN_OBJC_ROOT_CLASS = YES_ERROR;
				CLANG_WARN_RANGE_LOOP_ANALYSIS = YES;
				CLANG_WARN_STRICT_PROTOTYPES = YES;
				CLANG_WARN_SUSPICIOUS_MOVE = YES;
				CLANG_WARN_UNGUARDED_AVAILABILITY = YES_AGGRESSIVE;
				CLANG_WARN_UNREACHABLE_CODE = YES;
				CLANG_WARN__DUPLICATE_METHOD_MATCH = YES;
				CODE_SIGN_IDENTITY = "Mac Developer";
				COPY_PHASE_STRIP = NO;
				DEBUG_INFORMATION_FORMAT = "dwarf-with-dsym";
				ENABLE_NS_ASSERTIONS = NO;
				ENABLE_STRICT_OBJC_MSGSEND = YES;
				GCC_C_LANGUAGE_STANDARD = gnu11;
				GCC_NO_COMMON_BLOCKS = YES;
				GCC_WARN_64_TO_32_BIT_CONVERSION = YES;
				GCC_WARN_ABOUT_RETURN_TYPE = YES_ERROR;
				GCC_WARN_UNDECLARED_SELECTOR = YES;
				GCC_WARN_UNINITIALIZED_AUTOS = YES_AGGRESSIVE;
				GCC_WARN_UNUSED_FUNCTION = YES;
				GCC_WARN_UNUSED_VARIABLE = YES;
				MACOSX_DEPLOYMENT_TARGET = 10.13;
				MTL_ENABLE_DEBUG_INFO = NO;
				SDKROOT = macosx;
				SWIFT_COMPILATION_MODE = wholemodule;
				SWIFT_OPTIMIZATION_LEVEL = "-O";
			};
			name = Release;
		};
		1534D38420E9CF8E00610EE0 /* Debug */ = {
			isa = XCBuildConfiguration;
			buildSettings = {
				ASSETCATALOG_COMPILER_APPICON_NAME = AppIcon;
				CODE_SIGN_ENTITLEMENTS = Tiny/Tiny.entitlements;
				CODE_SIGN_IDENTITY = "";
				CODE_SIGN_STYLE = Automatic;
				COMBINE_HIDPI_IMAGES = YES;
				DEVELOPMENT_TEAM = 2RBGNRVUFE;
				INFOPLIST_FILE = Tiny/Info.plist;
				LD_RUNPATH_SEARCH_PATHS = (
					"$(inherited)",
					"@executable_path/../Frameworks",
				);
				PRODUCT_BUNDLE_IDENTIFIER = com.hoctran.Tiny;
				PRODUCT_NAME = "$(TARGET_NAME)";
				SWIFT_VERSION = 4.0;
			};
			name = Debug;
		};
		1534D38520E9CF8E00610EE0 /* Release */ = {
			isa = XCBuildConfiguration;
			buildSettings = {
				ASSETCATALOG_COMPILER_APPICON_NAME = AppIcon;
				CODE_SIGN_ENTITLEMENTS = Tiny/Tiny.entitlements;
				CODE_SIGN_IDENTITY = "";
				CODE_SIGN_STYLE = Automatic;
				COMBINE_HIDPI_IMAGES = YES;
				DEVELOPMENT_TEAM = 2RBGNRVUFE;
				INFOPLIST_FILE = Tiny/Info.plist;
				LD_RUNPATH_SEARCH_PATHS = (
					"$(inherited)",
					"@executable_path/../Frameworks",
				);
				PRODUCT_BUNDLE_IDENTIFIER = com.hoctran.Tiny;
				PRODUCT_NAME = "$(TARGET_NAME)";
				SWIFT_VERSION = 4.0;
			};
			name = Release;
		};
/* End XCBuildConfiguration section */

/* Begin XCConfigurationList section */
		1534D36E20E9CF8D00610EE0 /* Build configuration list for PBXProject "Tiny" */ = {
			isa = XCConfigurationList;
			buildConfigurations = (
				1534D38120E9CF8E00610EE0 /* Debug */,
				1534D38220E9CF8E00610EE0 /* Release */,
			);
			defaultConfigurationIsVisible = 0;
			defaultConfigurationName = Release;
		};
		1534D38320E9CF8E00610EE0 /* Build configuration list for PBXNativeTarget "Tiny" */ = {
			isa = XCConfigurationList;
			buildConfigurations = (
				1534D38420E9CF8E00610EE0 /* Debug */,
				1534D38520E9CF8E00610EE0 /* Release */,
			);
			defaultConfigurationIsVisible = 0;
			defaultConfigurationName = Release;
		};
/* End XCConfigurationList section */
	};
	rootObject = 1534D36B20E9CF8D00610EE0 /* Project object */;
}
